
Microsoft Visual Studio Solution File, Format Version 12.00
# Visual Studio Version 17
VisualStudioVersion = 17.0.31903.59
MinimumVisualStudioVersion = 10.0.40219.1
Project("{FAE04EC0-301F-11D3-BF4B-00C04F79EFBC}") = "DroneSwarmSimulation.Core", "DroneSwarmSimulation.Core\DroneSwarmSimulation.Core.csproj", "{FC854993-6316-475D-B0E6-01B987A807F3}"
EndProject
Project("{FAE04EC0-301F-11D3-BF4B-00C04F79EFBC}") = "DroneSwarmSimulation.Models", "DroneSwarmSimulation.Models\DroneSwarmSimulation.Models.csproj", "{448D45EB-FD2D-4725-98AE-DDD1E41B0F26}"
EndProject
Project("{FAE04EC0-301F-11D3-BF4B-00C04F79EFBC}") = "DroneSwarmSimulation.Physics", "DroneSwarmSimulation.Physics\DroneSwarmSimulation.Physics.csproj", "{6B9B9C76-ED39-42B6-AC13-ACBA46E3812A}"
EndProject
Global
	GlobalSection(SolutionConfigurationPlatforms) = preSolution
		Debug|Any CPU = Debug|Any CPU
		Release|Any CPU = Release|Any CPU
	EndGlobalSection
	GlobalSection(SolutionProperties) = preSolution
		HideSolutionNode = FALSE
	EndGlobalSection
	GlobalSection(ProjectConfigurationPlatforms) = postSolution
		{FC854993-6316-475D-B0E6-01B987A807F3}.Debug|Any CPU.ActiveCfg = Debug|Any CPU
		{FC854993-6316-475D-B0E6-01B987A807F3}.Debug|Any CPU.Build.0 = Debug|Any CPU
		{FC854993-6316-475D-B0E6-01B987A807F3}.Release|Any CPU.ActiveCfg = Release|Any CPU
		{FC854993-6316-475D-B0E6-01B987A807F3}.Release|Any CPU.Build.0 = Release|Any CPU
		{448D45EB-FD2D-4725-98AE-DDD1E41B0F26}.Debug|Any CPU.ActiveCfg = Debug|Any CPU
		{448D45EB-FD2D-4725-98AE-DDD1E41B0F26}.Debug|Any CPU.Build.0 = Debug|Any CPU
		{448D45EB-FD2D-4725-98AE-DDD1E41B0F26}.Release|Any CPU.ActiveCfg = Release|Any CPU
		{448D45EB-FD2D-4725-98AE-DDD1E41B0F26}.Release|Any CPU.Build.0 = Release|Any CPU
		{6B9B9C76-ED39-42B6-AC13-ACBA46E3812A}.Debug|Any CPU.ActiveCfg = Debug|Any CPU
		{6B9B9C76-ED39-42B6-AC13-ACBA46E3812A}.Debug|Any CPU.Build.0 = Debug|Any CPU
		{6B9B9C76-ED39-42B6-AC13-ACBA46E3812A}.Release|Any CPU.ActiveCfg = Release|Any CPU
		{6B9B9C76-ED39-42B6-AC13-ACBA46E3812A}.Release|Any CPU.Build.0 = Release|Any CPU
	EndGlobalSection
EndGlobal
